
Microsoft Visual Studio Solution File, Format Version 12.00
# Visual Studio Version 16
VisualStudioVersion = 16.0.30413.136
MinimumVisualStudioVersion = 10.0.40219.1
Project("{FAE04EC0-301F-11D3-BF4B-00C04F79EFBC}") = "Shapes.Console", "Shapes.Console\Shapes.Console.csproj", "{B626BFB3-229B-40C3-BA08-99A3D5FB778D}"
EndProject
Project("{FAE04EC0-301F-11D3-BF4B-00C04F79EFBC}") = "Shapes.Classes", "Shapes.Classes\Shapes.Classes.csproj", "{C2992F1B-9C53-4BD8-ADB8-12CE83BA8DB1}"
EndProject
Global
	GlobalSection(SolutionConfigurationPlatforms) = preSolution
		Debug|Any CPU = Debug|Any CPU
		Release|Any CPU = Release|Any CPU
	EndGlobalSection
	GlobalSection(ProjectConfigurationPlatforms) = postSolution
		{B626BFB3-229B-40C3-BA08-99A3D5FB778D}.Debug|Any CPU.ActiveCfg = Debug|Any CPU
		{B626BFB3-229B-40C3-BA08-99A3D5FB778D}.Debug|Any CPU.Build.0 = Debug|Any CPU
		{B626BFB3-229B-40C3-BA08-99A3D5FB778D}.Release|Any CPU.ActiveCfg = Release|Any CPU
		{B626BFB3-229B-40C3-BA08-99A3D5FB778D}.Release|Any CPU.Build.0 = Release|Any CPU
		{C2992F1B-9C53-4BD8-ADB8-12CE83BA8DB1}.Debug|Any CPU.ActiveCfg = Debug|Any CPU
		{C2992F1B-9C53-4BD8-ADB8-12CE83BA8DB1}.Debug|Any CPU.Build.0 = Debug|Any CPU
		{C2992F1B-9C53-4BD8-ADB8-12CE83BA8DB1}.Release|Any CPU.ActiveCfg = Release|Any CPU
		{C2992F1B-9C53-4BD8-ADB8-12CE83BA8DB1}.Release|Any CPU.Build.0 = Release|Any CPU
	EndGlobalSection
	GlobalSection(SolutionProperties) = preSolution
		HideSolutionNode = FALSE
	EndGlobalSection
	GlobalSection(ExtensibilityGlobals) = postSolution
		SolutionGuid = {860E22E5-2B9F-4FCD-A978-2C1B88432652}
	EndGlobalSection
EndGlobal
